{
  "name": "es6-word-constructor",
  "version": "0.0.1",
  "lockfileVersion": 1,
  "requires": true,
  "dependencies": {
    "cli-progress": {
      "version": "1.8.0",
      "resolved": "https://nexus.csp-ts.com/repository/npm-public/cli-progress/-/cli-progress-1.8.0.tgz",
      "integrity": "sha1-Xor8MQ8gWPvjPpAG4xxxwcO12n8=",
      "requires": {
        "colors": "1.2.4"
      }
    },
    "colors": {
      "version": "1.2.4",
      "resolved": "https://nexus.csp-ts.com/repository/npm-public/colors/-/colors-1.2.4.tgz",
      "integrity": "sha512-6Y+iBnWmXL+AWtlOp2Vr6R2w5MUlNJRwR0ShVFaAb1CqWzhPOpQg4L0jxD+xpw/Nc8QJwaq3KM79QUCriY8CWQ=="
    }
  }
}
